
Microsoft Visual Studio Solution File, Format Version 12.00
Project("{FAE04EC0-301F-11D3-BF4B-00C04F79EFBC}") = "Phoenix.ApiWrapper", "Phoenix.ApiWrapper\Phoenix.ApiWrapper.csproj", "{3C9F0468-0B32-45A2-82E0-53D75B28D00C}"
EndProject
Project("{FAE04EC0-301F-11D3-BF4B-00C04F79EFBC}") = "Example", "Example\Example.csproj", "{67E01460-3F3E-447E-99DE-90B91A3A607F}"
EndProject
Global
	GlobalSection(SolutionConfigurationPlatforms) = preSolution
		Debug|Any CPU = Debug|Any CPU
		Release|Any CPU = Release|Any CPU
	EndGlobalSection
	GlobalSection(ProjectConfigurationPlatforms) = postSolution
		{3C9F0468-0B32-45A2-82E0-53D75B28D00C}.Debug|Any CPU.ActiveCfg = Debug|Any CPU
		{3C9F0468-0B32-45A2-82E0-53D75B28D00C}.Debug|Any CPU.Build.0 = Debug|Any CPU
		{3C9F0468-0B32-45A2-82E0-53D75B28D00C}.Release|Any CPU.ActiveCfg = Release|Any CPU
		{3C9F0468-0B32-45A2-82E0-53D75B28D00C}.Release|Any CPU.Build.0 = Release|Any CPU
		{67E01460-3F3E-447E-99DE-90B91A3A607F}.Debug|Any CPU.ActiveCfg = Debug|Any CPU
		{67E01460-3F3E-447E-99DE-90B91A3A607F}.Debug|Any CPU.Build.0 = Debug|Any CPU
		{67E01460-3F3E-447E-99DE-90B91A3A607F}.Release|Any CPU.ActiveCfg = Release|Any CPU
		{67E01460-3F3E-447E-99DE-90B91A3A607F}.Release|Any CPU.Build.0 = Release|Any CPU
	EndGlobalSection
EndGlobal
